
Microsoft Visual Studio Solution File, Format Version 12.00
# Visual Studio Version 16
VisualStudioVersion = 16.0.33927.289
MinimumVisualStudioVersion = 10.0.40219.1
Project("{2150E333-8FDC-42A3-9474-1A3956D46DE8}") = "Task0", "Task0", "{892D16FB-0847-46C8-882B-3976DA67D83D}"
EndProject
Project("{FAE04EC0-301F-11D3-BF4B-00C04F79EFBC}") = "Tyuiu.NosyrevaUA.Sprint2.Task0.V13", "Tyuiu.NosyrevaUA.Sprint2.Task0.V13\Tyuiu.NosyrevaUA.Sprint2.Task0.V13.csproj", "{1C861947-5BA7-4C0A-B051-E234873B8C6A}"
EndProject
Project("{FAE04EC0-301F-11D3-BF4B-00C04F79EFBC}") = "Tyuiu.NosyrevaUA.Sprint2.Task0.V13.Lib", "Tyuiu.NosyrevaUA.Sprint2.Task0.V13.Lib\Tyuiu.NosyrevaUA.Sprint2.Task0.V13.Lib.csproj", "{2B145FEF-70A6-4572-AF6D-ED84E3FF0C80}"
EndProject
Project("{FAE04EC0-301F-11D3-BF4B-00C04F79EFBC}") = "Tyuiu.NosyrevaUA.Sprint2.Task0.V13.Test", "Tyuiu.NosyrevaUA.Sprint2.Task0.V13.Test\Tyuiu.NosyrevaUA.Sprint2.Task0.V13.Test.csproj", "{63557C93-B972-4614-9B9E-9A2EE8040AF0}"
EndProject
Project("{2150E333-8FDC-42A3-9474-1A3956D46DE8}") = "Task1", "Task1", "{8A84F6EA-1078-495A-82DB-A6F7C3A668FA}"
EndProject
Project("{FAE04EC0-301F-11D3-BF4B-00C04F79EFBC}") = "Tyuiu.NosyrevaUA.Sprint2.Task1.V28", "Tyuiu.NosyrevaUA.Sprint2.Task1.V28\Tyuiu.NosyrevaUA.Sprint2.Task1.V28.csproj", "{22286EE7-7703-4333-A243-068D329BA78C}"
EndProject
Project("{FAE04EC0-301F-11D3-BF4B-00C04F79EFBC}") = "Tyuiu.NosyrevaUA.Sprint2.Task1.V28.Lib", "Tyuiu.NosyrevaUA.Sprint2.Task1.V28.Lib\Tyuiu.NosyrevaUA.Sprint2.Task1.V28.Lib.csproj", "{179EF9AB-84FF-4E56-8054-0EAE89FAAB3C}"
EndProject
Project("{FAE04EC0-301F-11D3-BF4B-00C04F79EFBC}") = "Tyuiu.NosyrevaUA.Sprint2.Task1.V28.Test", "Tyuiu.NosyrevaUA.Sprint2.Task1.V28.Test\Tyuiu.NosyrevaUA.Sprint2.Task1.V28.Test.csproj", "{7F54900B-B434-44F4-B377-4ED059617DCE}"
EndProject
Project("{2150E333-8FDC-42A3-9474-1A3956D46DE8}") = "Task2", "Task2", "{DF741BF8-A127-430E-8EFE-A4255EAB7F24}"
EndProject
Project("{FAE04EC0-301F-11D3-BF4B-00C04F79EFBC}") = "Tyuiu.NosyrevaUA.Sprint2.Task2.V25", "Tyuiu.NosyrevaUA.Sprint2.Task2.V25\Tyuiu.NosyrevaUA.Sprint2.Task2.V25.csproj", "{E0BAB6B6-4786-4EDE-BD0B-5D81123B5F96}"
EndProject
Project("{FAE04EC0-301F-11D3-BF4B-00C04F79EFBC}") = "Tyuiu.NosyrevaUA.Sprint2.Task2.V25.Lib", "Tyuiu.NosyrevaUA.Sprint2.Task2.V25.Lib\Tyuiu.NosyrevaUA.Sprint2.Task2.V25.Lib.csproj", "{F490419B-11D8-41B9-BCF0-972DE8607F7F}"
EndProject
Project("{FAE04EC0-301F-11D3-BF4B-00C04F79EFBC}") = "Tyuiu.NosyrevaUA.Sprint2.Task2.V25.Test", "Tyuiu.NosyrevaUA.Sprint2.Task2.V25.Test\Tyuiu.NosyrevaUA.Sprint2.Task2.V25.Test.csproj", "{8B87BEC7-AA14-4C64-8172-BEFA938A2EE5}"
EndProject
Project("{2150E333-8FDC-42A3-9474-1A3956D46DE8}") = "Task3", "Task3", "{63E8496A-4A28-4B33-965A-C5300C3BB7A1}"
EndProject
Project("{FAE04EC0-301F-11D3-BF4B-00C04F79EFBC}") = "Tyuiu.NosyrevaUA.Sprint2.Task3.V22", "Tyuiu.NosyrevaUA.Sprint2.Task3.V22\Tyuiu.NosyrevaUA.Sprint2.Task3.V22.csproj", "{4A9C2ECB-1B20-4E74-94A7-A028487BAE57}"
EndProject
Project("{FAE04EC0-301F-11D3-BF4B-00C04F79EFBC}") = "Tyuiu.NosyrevaUA.Sprint2.Task3.V22.Lib", "Tyuiu.NosyrevaUA.Sprint2.Task3.V22.Lib\Tyuiu.NosyrevaUA.Sprint2.Task3.V22.Lib.csproj", "{D737B22A-DA51-4A04-B02A-05F17170336B}"
EndProject
Project("{FAE04EC0-301F-11D3-BF4B-00C04F79EFBC}") = "Tyuiu.NosyrevaUA.Sprint2.Task3.V22.Test", "Tyuiu.NosyrevaUA.Sprint2.Task3.V22.Test\Tyuiu.NosyrevaUA.Sprint2.Task3.V22.Test.csproj", "{8B71C8CD-89B7-47D7-ACAF-ACA52BE28509}"
EndProject
Project("{2150E333-8FDC-42A3-9474-1A3956D46DE8}") = "Task4", "Task4", "{D8AE0A2A-75AC-4032-B2AB-C25C14917F0F}"
EndProject
Project("{FAE04EC0-301F-11D3-BF4B-00C04F79EFBC}") = "Tyuiu.NosyrevaUA.Sprint2.Task4.V28", "Tyuiu.NosyrevaUA.Sprint2.Task4.V28\Tyuiu.NosyrevaUA.Sprint2.Task4.V28.csproj", "{75CA8927-CCF0-4F13-9D2A-9D523A263D7D}"
EndProject
Project("{FAE04EC0-301F-11D3-BF4B-00C04F79EFBC}") = "Tyuiu.NosyrevaUA.Sprint2.Task4.V28.Lib", "Tyuiu.NosyrevaUA.Sprint2.Task4.V28.Lib\Tyuiu.NosyrevaUA.Sprint2.Task4.V28.Lib.csproj", "{CFA600D8-0D96-4237-BA5B-998B78E511B4}"
EndProject
Project("{FAE04EC0-301F-11D3-BF4B-00C04F79EFBC}") = "Tyuiu.NosyrevaUA.Sprint2.Task4.V28.Test", "Tyuiu.NosyrevaUA.Sprint2.Task4.V28.Test\Tyuiu.NosyrevaUA.Sprint2.Task4.V28.Test.csproj", "{34CC1868-480D-4FEB-AFD5-01CEF6EB746A}"
EndProject
Global
	GlobalSection(SolutionConfigurationPlatforms) = preSolution
		Debug|Any CPU = Debug|Any CPU
		Release|Any CPU = Release|Any CPU
	EndGlobalSection
	GlobalSection(ProjectConfigurationPlatforms) = postSolution
		{1C861947-5BA7-4C0A-B051-E234873B8C6A}.Debug|Any CPU.ActiveCfg = Debug|Any CPU
		{1C861947-5BA7-4C0A-B051-E234873B8C6A}.Debug|Any CPU.Build.0 = Debug|Any CPU
		{1C861947-5BA7-4C0A-B051-E234873B8C6A}.Release|Any CPU.ActiveCfg = Release|Any CPU
		{1C861947-5BA7-4C0A-B051-E234873B8C6A}.Release|Any CPU.Build.0 = Release|Any CPU
		{2B145FEF-70A6-4572-AF6D-ED84E3FF0C80}.Debug|Any CPU.ActiveCfg = Debug|Any CPU
		{2B145FEF-70A6-4572-AF6D-ED84E3FF0C80}.Debug|Any CPU.Build.0 = Debug|Any CPU
		{2B145FEF-70A6-4572-AF6D-ED84E3FF0C80}.Release|Any CPU.ActiveCfg = Release|Any CPU
		{2B145FEF-70A6-4572-AF6D-ED84E3FF0C80}.Release|Any CPU.Build.0 = Release|Any CPU
		{63557C93-B972-4614-9B9E-9A2EE8040AF0}.Debug|Any CPU.ActiveCfg = Debug|Any CPU
		{63557C93-B972-4614-9B9E-9A2EE8040AF0}.Debug|Any CPU.Build.0 = Debug|Any CPU
		{63557C93-B972-4614-9B9E-9A2EE8040AF0}.Release|Any CPU.ActiveCfg = Release|Any CPU
		{63557C93-B972-4614-9B9E-9A2EE8040AF0}.Release|Any CPU.Build.0 = Release|Any CPU
		{22286EE7-7703-4333-A243-068D329BA78C}.Debug|Any CPU.ActiveCfg = Debug|Any CPU
		{22286EE7-7703-4333-A243-068D329BA78C}.Debug|Any CPU.Build.0 = Debug|Any CPU
		{22286EE7-7703-4333-A243-068D329BA78C}.Release|Any CPU.ActiveCfg = Release|Any CPU
		{22286EE7-7703-4333-A243-068D329BA78C}.Release|Any CPU.Build.0 = Release|Any CPU
		{179EF9AB-84FF-4E56-8054-0EAE89FAAB3C}.Debug|Any CPU.ActiveCfg = Debug|Any CPU
		{179EF9AB-84FF-4E56-8054-0EAE89FAAB3C}.Debug|Any CPU.Build.0 = Debug|Any CPU
		{179EF9AB-84FF-4E56-8054-0EAE89FAAB3C}.Release|Any CPU.ActiveCfg = Release|Any CPU
		{179EF9AB-84FF-4E56-8054-0EAE89FAAB3C}.Release|Any CPU.Build.0 = Release|Any CPU
		{7F54900B-B434-44F4-B377-4ED059617DCE}.Debug|Any CPU.ActiveCfg = Debug|Any CPU
		{7F54900B-B434-44F4-B377-4ED059617DCE}.Debug|Any CPU.Build.0 = Debug|Any CPU
		{7F54900B-B434-44F4-B377-4ED059617DCE}.Release|Any CPU.ActiveCfg = Release|Any CPU
		{7F54900B-B434-44F4-B377-4ED059617DCE}.Release|Any CPU.Build.0 = Release|Any CPU
		{E0BAB6B6-4786-4EDE-BD0B-5D81123B5F96}.Debug|Any CPU.ActiveCfg = Debug|Any CPU
		{E0BAB6B6-4786-4EDE-BD0B-5D81123B5F96}.Debug|Any CPU.Build.0 = Debug|Any CPU
		{E0BAB6B6-4786-4EDE-BD0B-5D81123B5F96}.Release|Any CPU.ActiveCfg = Release|Any CPU
		{E0BAB6B6-4786-4EDE-BD0B-5D81123B5F96}.Release|Any CPU.Build.0 = Release|Any CPU
		{F490419B-11D8-41B9-BCF0-972DE8607F7F}.Debug|Any CPU.ActiveCfg = Debug|Any CPU
		{F490419B-11D8-41B9-BCF0-972DE8607F7F}.Debug|Any CPU.Build.0 = Debug|Any CPU
		{F490419B-11D8-41B9-BCF0-972DE8607F7F}.Release|Any CPU.ActiveCfg = Release|Any CPU
		{F490419B-11D8-41B9-BCF0-972DE8607F7F}.Release|Any CPU.Build.0 = Release|Any CPU
		{8B87BEC7-AA14-4C64-8172-BEFA938A2EE5}.Debug|Any CPU.ActiveCfg = Debug|Any CPU
		{8B87BEC7-AA14-4C64-8172-BEFA938A2EE5}.Debug|Any CPU.Build.0 = Debug|Any CPU
		{8B87BEC7-AA14-4C64-8172-BEFA938A2EE5}.Release|Any CPU.ActiveCfg = Release|Any CPU
		{8B87BEC7-AA14-4C64-8172-BEFA938A2EE5}.Release|Any CPU.Build.0 = Release|Any CPU
		{4A9C2ECB-1B20-4E74-94A7-A028487BAE57}.Debug|Any CPU.ActiveCfg = Debug|Any CPU
		{4A9C2ECB-1B20-4E74-94A7-A028487BAE57}.Debug|Any CPU.Build.0 = Debug|Any CPU
		{4A9C2ECB-1B20-4E74-94A7-A028487BAE57}.Release|Any CPU.ActiveCfg = Release|Any CPU
		{4A9C2ECB-1B20-4E74-94A7-A028487BAE57}.Release|Any CPU.Build.0 = Release|Any CPU
		{D737B22A-DA51-4A04-B02A-05F17170336B}.Debug|Any CPU.ActiveCfg = Debug|Any CPU
		{D737B22A-DA51-4A04-B02A-05F17170336B}.Debug|Any CPU.Build.0 = Debug|Any CPU
		{D737B22A-DA51-4A04-B02A-05F17170336B}.Release|Any CPU.ActiveCfg = Release|Any CPU
		{D737B22A-DA51-4A04-B02A-05F17170336B}.Release|Any CPU.Build.0 = Release|Any CPU
		{8B71C8CD-89B7-47D7-ACAF-ACA52BE28509}.Debug|Any CPU.ActiveCfg = Debug|Any CPU
		{8B71C8CD-89B7-47D7-ACAF-ACA52BE28509}.Debug|Any CPU.Build.0 = Debug|Any CPU
		{8B71C8CD-89B7-47D7-ACAF-ACA52BE28509}.Release|Any CPU.ActiveCfg = Release|Any CPU
		{8B71C8CD-89B7-47D7-ACAF-ACA52BE28509}.Release|Any CPU.Build.0 = Release|Any CPU
		{75CA8927-CCF0-4F13-9D2A-9D523A263D7D}.Debug|Any CPU.ActiveCfg = Debug|Any CPU
		{75CA8927-CCF0-4F13-9D2A-9D523A263D7D}.Debug|Any CPU.Build.0 = Debug|Any CPU
		{75CA8927-CCF0-4F13-9D2A-9D523A263D7D}.Release|Any CPU.ActiveCfg = Release|Any CPU
		{75CA8927-CCF0-4F13-9D2A-9D523A263D7D}.Release|Any CPU.Build.0 = Release|Any CPU
		{CFA600D8-0D96-4237-BA5B-998B78E511B4}.Debug|Any CPU.ActiveCfg = Debug|Any CPU
		{CFA600D8-0D96-4237-BA5B-998B78E511B4}.Debug|Any CPU.Build.0 = Debug|Any CPU
		{CFA600D8-0D96-4237-BA5B-998B78E511B4}.Release|Any CPU.ActiveCfg = Release|Any CPU
		{CFA600D8-0D96-4237-BA5B-998B78E511B4}.Release|Any CPU.Build.0 = Release|Any CPU
		{34CC1868-480D-4FEB-AFD5-01CEF6EB746A}.Debug|Any CPU.ActiveCfg = Debug|Any CPU
		{34CC1868-480D-4FEB-AFD5-01CEF6EB746A}.Debug|Any CPU.Build.0 = Debug|Any CPU
		{34CC1868-480D-4FEB-AFD5-01CEF6EB746A}.Release|Any CPU.ActiveCfg = Release|Any CPU
		{34CC1868-480D-4FEB-AFD5-01CEF6EB746A}.Release|Any CPU.Build.0 = Release|Any CPU
	EndGlobalSection
	GlobalSection(SolutionProperties) = preSolution
		HideSolutionNode = FALSE
	EndGlobalSection
	GlobalSection(NestedProjects) = preSolution
		{1C861947-5BA7-4C0A-B051-E234873B8C6A} = {892D16FB-0847-46C8-882B-3976DA67D83D}
		{2B145FEF-70A6-4572-AF6D-ED84E3FF0C80} = {892D16FB-0847-46C8-882B-3976DA67D83D}
		{63557C93-B972-4614-9B9E-9A2EE8040AF0} = {892D16FB-0847-46C8-882B-3976DA67D83D}
		{22286EE7-7703-4333-A243-068D329BA78C} = {8A84F6EA-1078-495A-82DB-A6F7C3A668FA}
		{179EF9AB-84FF-4E56-8054-0EAE89FAAB3C} = {8A84F6EA-1078-495A-82DB-A6F7C3A668FA}
		{7F54900B-B434-44F4-B377-4ED059617DCE} = {8A84F6EA-1078-495A-82DB-A6F7C3A668FA}
		{E0BAB6B6-4786-4EDE-BD0B-5D81123B5F96} = {DF741BF8-A127-430E-8EFE-A4255EAB7F24}
		{F490419B-11D8-41B9-BCF0-972DE8607F7F} = {DF741BF8-A127-430E-8EFE-A4255EAB7F24}
		{8B87BEC7-AA14-4C64-8172-BEFA938A2EE5} = {DF741BF8-A127-430E-8EFE-A4255EAB7F24}
		{4A9C2ECB-1B20-4E74-94A7-A028487BAE57} = {63E8496A-4A28-4B33-965A-C5300C3BB7A1}
		{D737B22A-DA51-4A04-B02A-05F17170336B} = {63E8496A-4A28-4B33-965A-C5300C3BB7A1}
		{8B71C8CD-89B7-47D7-ACAF-ACA52BE28509} = {63E8496A-4A28-4B33-965A-C5300C3BB7A1}
		{75CA8927-CCF0-4F13-9D2A-9D523A263D7D} = {D8AE0A2A-75AC-4032-B2AB-C25C14917F0F}
		{CFA600D8-0D96-4237-BA5B-998B78E511B4} = {D8AE0A2A-75AC-4032-B2AB-C25C14917F0F}
		{34CC1868-480D-4FEB-AFD5-01CEF6EB746A} = {D8AE0A2A-75AC-4032-B2AB-C25C14917F0F}
	EndGlobalSection
	GlobalSection(ExtensibilityGlobals) = postSolution
		SolutionGuid = {8E84459E-FEFB-4E9E-91AC-4C53C73E8458}
	EndGlobalSection
EndGlobal
