
Microsoft Visual Studio Solution File, Format Version 12.00
# Visual Studio Version 16
VisualStudioVersion = 16.0.33927.289
MinimumVisualStudioVersion = 10.0.40219.1
Project("{2150E333-8FDC-42A3-9474-1A3956D46DE8}") = "Task0", "Task0", "{892D16FB-0847-46C8-882B-3976DA67D83D}"
EndProject
Project("{FAE04EC0-301F-11D3-BF4B-00C04F79EFBC}") = "Tyuiu.NosyrevaUA.Sprint2.Task0.V13", "Tyuiu.NosyrevaUA.Sprint2.Task0.V13\Tyuiu.NosyrevaUA.Sprint2.Task0.V13.csproj", "{1C861947-5BA7-4C0A-B051-E234873B8C6A}"
EndProject
Project("{FAE04EC0-301F-11D3-BF4B-00C04F79EFBC}") = "Tyuiu.NosyrevaUA.Sprint2.Task0.V13.Lib", "Tyuiu.NosyrevaUA.Sprint2.Task0.V13.Lib\Tyuiu.NosyrevaUA.Sprint2.Task0.V13.Lib.csproj", "{2B145FEF-70A6-4572-AF6D-ED84E3FF0C80}"
EndProject
Project("{FAE04EC0-301F-11D3-BF4B-00C04F79EFBC}") = "Tyuiu.NosyrevaUA.Sprint2.Task0.V13.Test", "Tyuiu.NosyrevaUA.Sprint2.Task0.V13.Test\Tyuiu.NosyrevaUA.Sprint2.Task0.V13.Test.csproj", "{63557C93-B972-4614-9B9E-9A2EE8040AF0}"
EndProject
Project("{2150E333-8FDC-42A3-9474-1A3956D46DE8}") = "Task1", "Task1", "{8A84F6EA-1078-495A-82DB-A6F7C3A668FA}"
EndProject
Project("{FAE04EC0-301F-11D3-BF4B-00C04F79EFBC}") = "Tyuiu.NosyrevaUA.Sprint2.Task1.V28", "Tyuiu.NosyrevaUA.Sprint2.Task1.V28\Tyuiu.NosyrevaUA.Sprint2.Task1.V28.csproj", "{22286EE7-7703-4333-A243-068D329BA78C}"
EndProject
Project("{FAE04EC0-301F-11D3-BF4B-00C04F79EFBC}") = "Tyuiu.NosyrevaUA.Sprint2.Task1.V28.Lib", "Tyuiu.NosyrevaUA.Sprint2.Task1.V28.Lib\Tyuiu.NosyrevaUA.Sprint2.Task1.V28.Lib.csproj", "{179EF9AB-84FF-4E56-8054-0EAE89FAAB3C}"
EndProject
Project("{FAE04EC0-301F-11D3-BF4B-00C04F79EFBC}") = "Tyuiu.NosyrevaUA.Sprint2.Task1.V28.Test", "Tyuiu.NosyrevaUA.Sprint2.Task1.V28.Test\Tyuiu.NosyrevaUA.Sprint2.Task1.V28.Test.csproj", "{7F54900B-B434-44F4-B377-4ED059617DCE}"
EndProject
Project("{2150E333-8FDC-42A3-9474-1A3956D46DE8}") = "Task2", "Task2", "{DF741BF8-A127-430E-8EFE-A4255EAB7F24}"
EndProject
Project("{FAE04EC0-301F-11D3-BF4B-00C04F79EFBC}") = "Tyuiu.NosyrevaUA.Sprint2.Task2.V25", "Tyuiu.NosyrevaUA.Sprint2.Task2.V25\Tyuiu.NosyrevaUA.Sprint2.Task2.V25.csproj", "{E0BAB6B6-4786-4EDE-BD0B-5D81123B5F96}"
EndProject
Project("{FAE04EC0-301F-11D3-BF4B-00C04F79EFBC}") = "Tyuiu.NosyrevaUA.Sprint2.Task2.V25.Lib", "Tyuiu.NosyrevaUA.Sprint2.Task2.V25.Lib\Tyuiu.NosyrevaUA.Sprint2.Task2.V25.Lib.csproj", "{F490419B-11D8-41B9-BCF0-972DE8607F7F}"
EndProject
Project("{FAE04EC0-301F-11D3-BF4B-00C04F79EFBC}") = "Tyuiu.NosyrevaUA.Sprint2.Task2.V25.Test", "Tyuiu.NosyrevaUA.Sprint2.Task2.V25.Test\Tyuiu.NosyrevaUA.Sprint2.Task2.V25.Test.csproj", "{8B87BEC7-AA14-4C64-8172-BEFA938A2EE5}"
EndProject
Project("{2150E333-8FDC-42A3-9474-1A3956D46DE8}") = "Task3", "Task3", "{63E8496A-4A28-4B33-965A-C5300C3BB7A1}"
EndProject
Project("{FAE04EC0-301F-11D3-BF4B-00C04F79EFBC}") = "Tyuiu.NosyrevaUA.Sprint2.Task3.V22", "Tyuiu.NosyrevaUA.Sprint2.Task3.V22\Tyuiu.NosyrevaUA.Sprint2.Task3.V22.csproj", "{4A9C2ECB-1B20-4E74-94A7-A028487BAE57}"
EndProject
Project("{FAE04EC0-301F-11D3-BF4B-00C04F79EFBC}") = "Tyuiu.NosyrevaUA.Sprint2.Task3.V22.Lib", "Tyuiu.NosyrevaUA.Sprint2.Task3.V22.Lib\Tyuiu.NosyrevaUA.Sprint2.Task3.V22.Lib.csproj", "{D737B22A-DA51-4A04-B02A-05F17170336B}"
EndProject
Project("{FAE04EC0-301F-11D3-BF4B-00C04F79EFBC}") = "Tyuiu.NosyrevaUA.Sprint2.Task3.V22.Test", "Tyuiu.NosyrevaUA.Sprint2.Task3.V22.Test\Tyuiu.NosyrevaUA.Sprint2.Task3.V22.Test.csproj", "{8B71C8CD-89B7-47D7-ACAF-ACA52BE28509}"
EndProject
Project("{2150E333-8FDC-42A3-9474-1A3956D46DE8}") = "Task4", "Task4", "{D8AE0A2A-75AC-4032-B2AB-C25C14917F0F}"
EndProject
Project("{FAE04EC0-301F-11D3-BF4B-00C04F79EFBC}") = "Tyuiu.NosyrevaUA.Sprint2.Task4.V28", "Tyuiu.NosyrevaUA.Sprint2.Task4.V28\Tyuiu.NosyrevaUA.Sprint2.Task4.V28.csproj", "{75CA8927-CCF0-4F13-9D2A-9D523A263D7D}"
EndProject
Project("{FAE04EC0-301F-11D3-BF4B-00C04F79EFBC}") = "Tyuiu.NosyrevaUA.Sprint2.Task4.V28.Lib", "Tyuiu.NosyrevaUA.Sprint2.Task4.V28.Lib\Tyuiu.NosyrevaUA.Sprint2.Task4.V28.Lib.csproj", "{CFA600D8-0D96-4237-BA5B-998B78E511B4}"
EndProject
Project("{FAE04EC0-301F-11D3-BF4B-00C04F79EFBC}") = "Tyuiu.NosyrevaUA.Sprint2.Task4.V28.Test", "Tyuiu.NosyrevaUA.Sprint2.Task4.V28.Test\Tyuiu.NosyrevaUA.Sprint2.Task4.V28.Test.csproj", "{34CC1868-480D-4FEB-AFD5-01CEF6EB746A}"
EndProject
Project("{2150E333-8FDC-42A3-9474-1A3956D46DE8}") = "Task5", "Task5", "{F89C8BDF-42C6-42FA-B2CD-9FDEBA88CEA8}"
EndProject
Project("{FAE04EC0-301F-11D3-BF4B-00C04F79EFBC}") = "Tyuiu.NosyrevaUA.Sprint2.Task5.V6", "Tyuiu.NosyrevaUA.Sprint2.Task5.V6\Tyuiu.NosyrevaUA.Sprint2.Task5.V6.csproj", "{17F0B444-A08A-4BDB-B21E-0A5CD1B6AFCD}"
EndProject
Project("{FAE04EC0-301F-11D3-BF4B-00C04F79EFBC}") = "Tyuiu.NosyrevaUA.Sprint2.Task5.V6.Lib", "Tyuiu.NosyrevaUA.Sprint2.Task5.V6.Lib\Tyuiu.NosyrevaUA.Sprint2.Task5.V6.Lib.csproj", "{D5E56525-1EF4-40D7-821A-CF39AFDAAB94}"
EndProject
Project("{FAE04EC0-301F-11D3-BF4B-00C04F79EFBC}") = "Tyuiu.NosyrevaUA.Sprint2.Task5.V6.Test", "Tyuiu.NosyrevaUA.Sprint2.Task5.V6.Test\Tyuiu.NosyrevaUA.Sprint2.Task5.V6.Test.csproj", "{0E01BB72-2CEC-4468-82B3-9090C660BB0A}"
EndProject
Project("{2150E333-8FDC-42A3-9474-1A3956D46DE8}") = "Task6", "Task6", "{C26088ED-D1FD-4471-AB85-A3F586BD0A35}"
EndProject
Project("{FAE04EC0-301F-11D3-BF4B-00C04F79EFBC}") = "Tyuiu.NosyrevaUA.Sprint2.Task6.V5", "Tyuiu.NosyrevaUA.Sprint2.Task6.V5\Tyuiu.NosyrevaUA.Sprint2.Task6.V5.csproj", "{164D43C0-71F2-4360-9623-256598DA4528}"
EndProject
Project("{FAE04EC0-301F-11D3-BF4B-00C04F79EFBC}") = "Tyuiu.NosyrevaUA.Sprint2.Task6.V5.Lib", "Tyuiu.NosyrevaUA.Sprint2.Task6.V5.Lib\Tyuiu.NosyrevaUA.Sprint2.Task6.V5.Lib.csproj", "{0936AA88-9D63-4AAD-8095-2441D9219E25}"
EndProject
Project("{FAE04EC0-301F-11D3-BF4B-00C04F79EFBC}") = "Tyuiu.NosyrevaUA.Sprint2.Task6.V5.Test", "Tyuiu.NosyrevaUA.Sprint2.Task6.V5.Test\Tyuiu.NosyrevaUA.Sprint2.Task6.V5.Test.csproj", "{0F06954B-FFA7-40AC-96FE-18591DB36203}"
EndProject
Project("{2150E333-8FDC-42A3-9474-1A3956D46DE8}") = "Task7", "Task7", "{560B4916-3346-4594-8879-9C7D763E9919}"
EndProject
Project("{FAE04EC0-301F-11D3-BF4B-00C04F79EFBC}") = "Tyuiu.NosyrevaUA.Sprint2.Task7.V5", "Tyuiu.NosyrevaUA.Sprint2.Task7.V5\Tyuiu.NosyrevaUA.Sprint2.Task7.V5.csproj", "{9C02B095-52B7-46DA-95F6-747AEED719EA}"
EndProject
Project("{FAE04EC0-301F-11D3-BF4B-00C04F79EFBC}") = "Tyuiu.NosyrevaUA.Sprint2.Task7.V5.Lib", "Tyuiu.NosyrevaUA.Sprint2.Task7.V5.Lib\Tyuiu.NosyrevaUA.Sprint2.Task7.V5.Lib.csproj", "{2821C3C0-21D0-4F78-AE89-0BF055F37464}"
EndProject
Project("{FAE04EC0-301F-11D3-BF4B-00C04F79EFBC}") = "Tyuiu.NosyrevaUA.Sprint2.Task7.V5.Test", "Tyuiu.NosyrevaUA.Sprint2.Task7.V5.Test\Tyuiu.NosyrevaUA.Sprint2.Task7.V5.Test.csproj", "{E99335E5-4271-40DF-8031-1F73C75F39CB}"
EndProject
Global
	GlobalSection(SolutionConfigurationPlatforms) = preSolution
		Debug|Any CPU = Debug|Any CPU
		Release|Any CPU = Release|Any CPU
	EndGlobalSection
	GlobalSection(ProjectConfigurationPlatforms) = postSolution
		{1C861947-5BA7-4C0A-B051-E234873B8C6A}.Debug|Any CPU.ActiveCfg = Debug|Any CPU
		{1C861947-5BA7-4C0A-B051-E234873B8C6A}.Debug|Any CPU.Build.0 = Debug|Any CPU
		{1C861947-5BA7-4C0A-B051-E234873B8C6A}.Release|Any CPU.ActiveCfg = Release|Any CPU
		{1C861947-5BA7-4C0A-B051-E234873B8C6A}.Release|Any CPU.Build.0 = Release|Any CPU
		{2B145FEF-70A6-4572-AF6D-ED84E3FF0C80}.Debug|Any CPU.ActiveCfg = Debug|Any CPU
		{2B145FEF-70A6-4572-AF6D-ED84E3FF0C80}.Debug|Any CPU.Build.0 = Debug|Any CPU
		{2B145FEF-70A6-4572-AF6D-ED84E3FF0C80}.Release|Any CPU.ActiveCfg = Release|Any CPU
		{2B145FEF-70A6-4572-AF6D-ED84E3FF0C80}.Release|Any CPU.Build.0 = Release|Any CPU
		{63557C93-B972-4614-9B9E-9A2EE8040AF0}.Debug|Any CPU.ActiveCfg = Debug|Any CPU
		{63557C93-B972-4614-9B9E-9A2EE8040AF0}.Debug|Any CPU.Build.0 = Debug|Any CPU
		{63557C93-B972-4614-9B9E-9A2EE8040AF0}.Release|Any CPU.ActiveCfg = Release|Any CPU
		{63557C93-B972-4614-9B9E-9A2EE8040AF0}.Release|Any CPU.Build.0 = Release|Any CPU
		{22286EE7-7703-4333-A243-068D329BA78C}.Debug|Any CPU.ActiveCfg = Debug|Any CPU
		{22286EE7-7703-4333-A243-068D329BA78C}.Debug|Any CPU.Build.0 = Debug|Any CPU
		{22286EE7-7703-4333-A243-068D329BA78C}.Release|Any CPU.ActiveCfg = Release|Any CPU
		{22286EE7-7703-4333-A243-068D329BA78C}.Release|Any CPU.Build.0 = Release|Any CPU
		{179EF9AB-84FF-4E56-8054-0EAE89FAAB3C}.Debug|Any CPU.ActiveCfg = Debug|Any CPU
		{179EF9AB-84FF-4E56-8054-0EAE89FAAB3C}.Debug|Any CPU.Build.0 = Debug|Any CPU
		{179EF9AB-84FF-4E56-8054-0EAE89FAAB3C}.Release|Any CPU.ActiveCfg = Release|Any CPU
		{179EF9AB-84FF-4E56-8054-0EAE89FAAB3C}.Release|Any CPU.Build.0 = Release|Any CPU
		{7F54900B-B434-44F4-B377-4ED059617DCE}.Debug|Any CPU.ActiveCfg = Debug|Any CPU
		{7F54900B-B434-44F4-B377-4ED059617DCE}.Debug|Any CPU.Build.0 = Debug|Any CPU
		{7F54900B-B434-44F4-B377-4ED059617DCE}.Release|Any CPU.ActiveCfg = Release|Any CPU
		{7F54900B-B434-44F4-B377-4ED059617DCE}.Release|Any CPU.Build.0 = Release|Any CPU
		{E0BAB6B6-4786-4EDE-BD0B-5D81123B5F96}.Debug|Any CPU.ActiveCfg = Debug|Any CPU
		{E0BAB6B6-4786-4EDE-BD0B-5D81123B5F96}.Debug|Any CPU.Build.0 = Debug|Any CPU
		{E0BAB6B6-4786-4EDE-BD0B-5D81123B5F96}.Release|Any CPU.ActiveCfg = Release|Any CPU
		{E0BAB6B6-4786-4EDE-BD0B-5D81123B5F96}.Release|Any CPU.Build.0 = Release|Any CPU
		{F490419B-11D8-41B9-BCF0-972DE8607F7F}.Debug|Any CPU.ActiveCfg = Debug|Any CPU
		{F490419B-11D8-41B9-BCF0-972DE8607F7F}.Debug|Any CPU.Build.0 = Debug|Any CPU
		{F490419B-11D8-41B9-BCF0-972DE8607F7F}.Release|Any CPU.ActiveCfg = Release|Any CPU
		{F490419B-11D8-41B9-BCF0-972DE8607F7F}.Release|Any CPU.Build.0 = Release|Any CPU
		{8B87BEC7-AA14-4C64-8172-BEFA938A2EE5}.Debug|Any CPU.ActiveCfg = Debug|Any CPU
		{8B87BEC7-AA14-4C64-8172-BEFA938A2EE5}.Debug|Any CPU.Build.0 = Debug|Any CPU
		{8B87BEC7-AA14-4C64-8172-BEFA938A2EE5}.Release|Any CPU.ActiveCfg = Release|Any CPU
		{8B87BEC7-AA14-4C64-8172-BEFA938A2EE5}.Release|Any CPU.Build.0 = Release|Any CPU
		{4A9C2ECB-1B20-4E74-94A7-A028487BAE57}.Debug|Any CPU.ActiveCfg = Debug|Any CPU
		{4A9C2ECB-1B20-4E74-94A7-A028487BAE57}.Debug|Any CPU.Build.0 = Debug|Any CPU
		{4A9C2ECB-1B20-4E74-94A7-A028487BAE57}.Release|Any CPU.ActiveCfg = Release|Any CPU
		{4A9C2ECB-1B20-4E74-94A7-A028487BAE57}.Release|Any CPU.Build.0 = Release|Any CPU
		{D737B22A-DA51-4A04-B02A-05F17170336B}.Debug|Any CPU.ActiveCfg = Debug|Any CPU
		{D737B22A-DA51-4A04-B02A-05F17170336B}.Debug|Any CPU.Build.0 = Debug|Any CPU
		{D737B22A-DA51-4A04-B02A-05F17170336B}.Release|Any CPU.ActiveCfg = Release|Any CPU
		{D737B22A-DA51-4A04-B02A-05F17170336B}.Release|Any CPU.Build.0 = Release|Any CPU
		{8B71C8CD-89B7-47D7-ACAF-ACA52BE28509}.Debug|Any CPU.ActiveCfg = Debug|Any CPU
		{8B71C8CD-89B7-47D7-ACAF-ACA52BE28509}.Debug|Any CPU.Build.0 = Debug|Any CPU
		{8B71C8CD-89B7-47D7-ACAF-ACA52BE28509}.Release|Any CPU.ActiveCfg = Release|Any CPU
		{8B71C8CD-89B7-47D7-ACAF-ACA52BE28509}.Release|Any CPU.Build.0 = Release|Any CPU
		{75CA8927-CCF0-4F13-9D2A-9D523A263D7D}.Debug|Any CPU.ActiveCfg = Debug|Any CPU
		{75CA8927-CCF0-4F13-9D2A-9D523A263D7D}.Debug|Any CPU.Build.0 = Debug|Any CPU
		{75CA8927-CCF0-4F13-9D2A-9D523A263D7D}.Release|Any CPU.ActiveCfg = Release|Any CPU
		{75CA8927-CCF0-4F13-9D2A-9D523A263D7D}.Release|Any CPU.Build.0 = Release|Any CPU
		{CFA600D8-0D96-4237-BA5B-998B78E511B4}.Debug|Any CPU.ActiveCfg = Debug|Any CPU
		{CFA600D8-0D96-4237-BA5B-998B78E511B4}.Debug|Any CPU.Build.0 = Debug|Any CPU
		{CFA600D8-0D96-4237-BA5B-998B78E511B4}.Release|Any CPU.ActiveCfg = Release|Any CPU
		{CFA600D8-0D96-4237-BA5B-998B78E511B4}.Release|Any CPU.Build.0 = Release|Any CPU
		{34CC1868-480D-4FEB-AFD5-01CEF6EB746A}.Debug|Any CPU.ActiveCfg = Debug|Any CPU
		{34CC1868-480D-4FEB-AFD5-01CEF6EB746A}.Debug|Any CPU.Build.0 = Debug|Any CPU
		{34CC1868-480D-4FEB-AFD5-01CEF6EB746A}.Release|Any CPU.ActiveCfg = Release|Any CPU
		{34CC1868-480D-4FEB-AFD5-01CEF6EB746A}.Release|Any CPU.Build.0 = Release|Any CPU
		{17F0B444-A08A-4BDB-B21E-0A5CD1B6AFCD}.Debug|Any CPU.ActiveCfg = Debug|Any CPU
		{17F0B444-A08A-4BDB-B21E-0A5CD1B6AFCD}.Debug|Any CPU.Build.0 = Debug|Any CPU
		{17F0B444-A08A-4BDB-B21E-0A5CD1B6AFCD}.Release|Any CPU.ActiveCfg = Release|Any CPU
		{17F0B444-A08A-4BDB-B21E-0A5CD1B6AFCD}.Release|Any CPU.Build.0 = Release|Any CPU
		{D5E56525-1EF4-40D7-821A-CF39AFDAAB94}.Debug|Any CPU.ActiveCfg = Debug|Any CPU
		{D5E56525-1EF4-40D7-821A-CF39AFDAAB94}.Debug|Any CPU.Build.0 = Debug|Any CPU
		{D5E56525-1EF4-40D7-821A-CF39AFDAAB94}.Release|Any CPU.ActiveCfg = Release|Any CPU
		{D5E56525-1EF4-40D7-821A-CF39AFDAAB94}.Release|Any CPU.Build.0 = Release|Any CPU
		{0E01BB72-2CEC-4468-82B3-9090C660BB0A}.Debug|Any CPU.ActiveCfg = Debug|Any CPU
		{0E01BB72-2CEC-4468-82B3-9090C660BB0A}.Debug|Any CPU.Build.0 = Debug|Any CPU
		{0E01BB72-2CEC-4468-82B3-9090C660BB0A}.Release|Any CPU.ActiveCfg = Release|Any CPU
		{0E01BB72-2CEC-4468-82B3-9090C660BB0A}.Release|Any CPU.Build.0 = Release|Any CPU
		{164D43C0-71F2-4360-9623-256598DA4528}.Debug|Any CPU.ActiveCfg = Debug|Any CPU
		{164D43C0-71F2-4360-9623-256598DA4528}.Debug|Any CPU.Build.0 = Debug|Any CPU
		{164D43C0-71F2-4360-9623-256598DA4528}.Release|Any CPU.ActiveCfg = Release|Any CPU
		{164D43C0-71F2-4360-9623-256598DA4528}.Release|Any CPU.Build.0 = Release|Any CPU
		{0936AA88-9D63-4AAD-8095-2441D9219E25}.Debug|Any CPU.ActiveCfg = Debug|Any CPU
		{0936AA88-9D63-4AAD-8095-2441D9219E25}.Debug|Any CPU.Build.0 = Debug|Any CPU
		{0936AA88-9D63-4AAD-8095-2441D9219E25}.Release|Any CPU.ActiveCfg = Release|Any CPU
		{0936AA88-9D63-4AAD-8095-2441D9219E25}.Release|Any CPU.Build.0 = Release|Any CPU
		{0F06954B-FFA7-40AC-96FE-18591DB36203}.Debug|Any CPU.ActiveCfg = Debug|Any CPU
		{0F06954B-FFA7-40AC-96FE-18591DB36203}.Debug|Any CPU.Build.0 = Debug|Any CPU
		{0F06954B-FFA7-40AC-96FE-18591DB36203}.Release|Any CPU.ActiveCfg = Release|Any CPU
		{0F06954B-FFA7-40AC-96FE-18591DB36203}.Release|Any CPU.Build.0 = Release|Any CPU
		{9C02B095-52B7-46DA-95F6-747AEED719EA}.Debug|Any CPU.ActiveCfg = Debug|Any CPU
		{9C02B095-52B7-46DA-95F6-747AEED719EA}.Debug|Any CPU.Build.0 = Debug|Any CPU
		{9C02B095-52B7-46DA-95F6-747AEED719EA}.Release|Any CPU.ActiveCfg = Release|Any CPU
		{9C02B095-52B7-46DA-95F6-747AEED719EA}.Release|Any CPU.Build.0 = Release|Any CPU
		{2821C3C0-21D0-4F78-AE89-0BF055F37464}.Debug|Any CPU.ActiveCfg = Debug|Any CPU
		{2821C3C0-21D0-4F78-AE89-0BF055F37464}.Debug|Any CPU.Build.0 = Debug|Any CPU
		{2821C3C0-21D0-4F78-AE89-0BF055F37464}.Release|Any CPU.ActiveCfg = Release|Any CPU
		{2821C3C0-21D0-4F78-AE89-0BF055F37464}.Release|Any CPU.Build.0 = Release|Any CPU
		{E99335E5-4271-40DF-8031-1F73C75F39CB}.Debug|Any CPU.ActiveCfg = Debug|Any CPU
		{E99335E5-4271-40DF-8031-1F73C75F39CB}.Debug|Any CPU.Build.0 = Debug|Any CPU
		{E99335E5-4271-40DF-8031-1F73C75F39CB}.Release|Any CPU.ActiveCfg = Release|Any CPU
		{E99335E5-4271-40DF-8031-1F73C75F39CB}.Release|Any CPU.Build.0 = Release|Any CPU
	EndGlobalSection
	GlobalSection(SolutionProperties) = preSolution
		HideSolutionNode = FALSE
	EndGlobalSection
	GlobalSection(NestedProjects) = preSolution
		{1C861947-5BA7-4C0A-B051-E234873B8C6A} = {892D16FB-0847-46C8-882B-3976DA67D83D}
		{2B145FEF-70A6-4572-AF6D-ED84E3FF0C80} = {892D16FB-0847-46C8-882B-3976DA67D83D}
		{63557C93-B972-4614-9B9E-9A2EE8040AF0} = {892D16FB-0847-46C8-882B-3976DA67D83D}
		{22286EE7-7703-4333-A243-068D329BA78C} = {8A84F6EA-1078-495A-82DB-A6F7C3A668FA}
		{179EF9AB-84FF-4E56-8054-0EAE89FAAB3C} = {8A84F6EA-1078-495A-82DB-A6F7C3A668FA}
		{7F54900B-B434-44F4-B377-4ED059617DCE} = {8A84F6EA-1078-495A-82DB-A6F7C3A668FA}
		{E0BAB6B6-4786-4EDE-BD0B-5D81123B5F96} = {DF741BF8-A127-430E-8EFE-A4255EAB7F24}
		{F490419B-11D8-41B9-BCF0-972DE8607F7F} = {DF741BF8-A127-430E-8EFE-A4255EAB7F24}
		{8B87BEC7-AA14-4C64-8172-BEFA938A2EE5} = {DF741BF8-A127-430E-8EFE-A4255EAB7F24}
		{4A9C2ECB-1B20-4E74-94A7-A028487BAE57} = {63E8496A-4A28-4B33-965A-C5300C3BB7A1}
		{D737B22A-DA51-4A04-B02A-05F17170336B} = {63E8496A-4A28-4B33-965A-C5300C3BB7A1}
		{8B71C8CD-89B7-47D7-ACAF-ACA52BE28509} = {63E8496A-4A28-4B33-965A-C5300C3BB7A1}
		{75CA8927-CCF0-4F13-9D2A-9D523A263D7D} = {D8AE0A2A-75AC-4032-B2AB-C25C14917F0F}
		{CFA600D8-0D96-4237-BA5B-998B78E511B4} = {D8AE0A2A-75AC-4032-B2AB-C25C14917F0F}
		{34CC1868-480D-4FEB-AFD5-01CEF6EB746A} = {D8AE0A2A-75AC-4032-B2AB-C25C14917F0F}
		{17F0B444-A08A-4BDB-B21E-0A5CD1B6AFCD} = {F89C8BDF-42C6-42FA-B2CD-9FDEBA88CEA8}
		{D5E56525-1EF4-40D7-821A-CF39AFDAAB94} = {F89C8BDF-42C6-42FA-B2CD-9FDEBA88CEA8}
		{0E01BB72-2CEC-4468-82B3-9090C660BB0A} = {F89C8BDF-42C6-42FA-B2CD-9FDEBA88CEA8}
		{164D43C0-71F2-4360-9623-256598DA4528} = {C26088ED-D1FD-4471-AB85-A3F586BD0A35}
		{0936AA88-9D63-4AAD-8095-2441D9219E25} = {C26088ED-D1FD-4471-AB85-A3F586BD0A35}
		{0F06954B-FFA7-40AC-96FE-18591DB36203} = {C26088ED-D1FD-4471-AB85-A3F586BD0A35}
		{9C02B095-52B7-46DA-95F6-747AEED719EA} = {560B4916-3346-4594-8879-9C7D763E9919}
		{2821C3C0-21D0-4F78-AE89-0BF055F37464} = {560B4916-3346-4594-8879-9C7D763E9919}
		{E99335E5-4271-40DF-8031-1F73C75F39CB} = {560B4916-3346-4594-8879-9C7D763E9919}
	EndGlobalSection
	GlobalSection(ExtensibilityGlobals) = postSolution
		SolutionGuid = {8E84459E-FEFB-4E9E-91AC-4C53C73E8458}
	EndGlobalSection
EndGlobal
